{
  "nodes": {
    "nixpkgs": {
      "locked": {
        "lastModified": 1611230503,
        "narHash": "sha256-A6fkkP3wsGWTN7pH14+lWoGFh21v8YgTACJOz3SHUNI=",
        "owner": "sternenseemann",
        "repo": "nixpkgs",
        "rev": "0fcbd37ab12003c862a3a5900c70f565590e2fb1",
        "type": "github"
      },
      "original": {
        "owner": "sternenseemann",
        "ref": "ppx_deriving-5.1",
        "repo": "nixpkgs",
        "type": "github"
      }
    },
    "root": {
      "inputs": {
        "nixpkgs": "nixpkgs"
      }
    }
  },
  "root": "root",
  "version": 7
}
